
Microsoft Visual Studio Solution File, Format Version 12.00
# Visual Studio Version 17
VisualStudioVersion = 17.7.34009.444
MinimumVisualStudioVersion = 10.0.40219.1
Project("{FAE04EC0-301F-11D3-BF4B-00C04F79EFBC}") = "SocketsDemo", "SocketsDemo\SocketsDemo.csproj", "{3689002E-4200-42A2-B45C-94D5E3049062}"
EndProject
Project("{FAE04EC0-301F-11D3-BF4B-00C04F79EFBC}") = "ClientSocket", "ClientSocket\ClientSocket.csproj", "{49C91E92-4DFD-498F-ABFC-0995CE4F8248}"
EndProject
Global
	GlobalSection(SolutionConfigurationPlatforms) = preSolution
		Debug|Any CPU = Debug|Any CPU
		Release|Any CPU = Release|Any CPU
	EndGlobalSection
	GlobalSection(ProjectConfigurationPlatforms) = postSolution
		{3689002E-4200-42A2-B45C-94D5E3049062}.Debug|Any CPU.ActiveCfg = Debug|Any CPU
		{3689002E-4200-42A2-B45C-94D5E3049062}.Debug|Any CPU.Build.0 = Debug|Any CPU
		{3689002E-4200-42A2-B45C-94D5E3049062}.Release|Any CPU.ActiveCfg = Release|Any CPU
		{3689002E-4200-42A2-B45C-94D5E3049062}.Release|Any CPU.Build.0 = Release|Any CPU
		{49C91E92-4DFD-498F-ABFC-0995CE4F8248}.Debug|Any CPU.ActiveCfg = Debug|Any CPU
		{49C91E92-4DFD-498F-ABFC-0995CE4F8248}.Debug|Any CPU.Build.0 = Debug|Any CPU
		{49C91E92-4DFD-498F-ABFC-0995CE4F8248}.Release|Any CPU.ActiveCfg = Release|Any CPU
		{49C91E92-4DFD-498F-ABFC-0995CE4F8248}.Release|Any CPU.Build.0 = Release|Any CPU
	EndGlobalSection
	GlobalSection(SolutionProperties) = preSolution
		HideSolutionNode = FALSE
	EndGlobalSection
	GlobalSection(ExtensibilityGlobals) = postSolution
		SolutionGuid = {EEE0CB11-B320-4A89-B298-41CE1217F2D9}
	EndGlobalSection
EndGlobal
